{
    "_readme": [
        "This file locks the dependencies of your project to a known state",
        "Read more about it at https://getcomposer.org/doc/01-basic-usage.md#composer-lock-the-lock-file",
        "This file is @generated automatically"
    ],
    "hash": "296378147962992ce8a1634fd98229fe",
    "content-hash": "0525ed66699d43f9e80928f704617e3a",
    "packages": [],
    "packages-dev": [
        {
            "name": "dangoodman/composer-for-wordpress",
            "version": "1.0.0",
            "source": {
                "type": "git",
                "url": "https://github.com/dangoodman/composer-for-wordpress.git",
                "reference": "f7137989fd4b1be4b004dfd7d7bdec8e8d4c6a79"
            },
            "dist": {
                "type": "zip",
                "url": "https://api.github.com/repos/dangoodman/composer-for-wordpress/zipball/f7137989fd4b1be4b004dfd7d7bdec8e8d4c6a79",
                "reference": "f7137989fd4b1be4b004dfd7d7bdec8e8d4c6a79",
                "shasum": ""
            },
            "require": {
                "composer-plugin-api": "^1.0"
            },
            "type": "composer-plugin",
            "extra": {
                "class": "Dangoodman\\ComposerForWordpress\\ComposerForWordpress"
            },
            "autoload": {
                "psr-4": {
                    "Dangoodman\\ComposerForWordpress\\": "."
                }
            },
            "notification-url": "https://packagist.org/downloads/",
            "time": "2016-01-20 15:04:55"
        }
    ],
    "aliases": [],
    "minimum-stability": "stable",
    "stability-flags": [],
    "prefer-stable": false,
    "prefer-lowest": false,
    "platform": [],
    "platform-dev": []
}
